
Microsoft Visual Studio Solution File, Format Version 12.00
# Visual Studio Version 16
VisualStudioVersion = 16.0.31313.79
MinimumVisualStudioVersion = 10.0.40219.1
Project("{2150E333-8FDC-42A3-9474-1A3956D46DE8}") = "Presentation", "Presentation", "{B63C8D1C-9E15-422C-9518-32538FCB21DA}"
EndProject
Project("{2150E333-8FDC-42A3-9474-1A3956D46DE8}") = "Business", "Business", "{090A1A83-ABA0-41A7-95FF-07BBEB16735A}"
EndProject
Project("{2150E333-8FDC-42A3-9474-1A3956D46DE8}") = "Data Access", "Data Access", "{E596DFDD-13CD-4064-9CCD-083D1DA9E6BE}"
EndProject
Project("{2150E333-8FDC-42A3-9474-1A3956D46DE8}") = "Tests", "Tests", "{B82F02B4-94C2-4204-B275-16FF24E7079A}"
EndProject
Project("{9A19103F-16F7-4668-BE54-9A1E7A4F7556}") = "FitnessSuperiorMvc.BLL", "FitnessSuperiorMvc.BLL\FitnessSuperiorMvc.BLL.csproj", "{7398CBFA-D19D-46D4-AD20-367A00123B94}"
EndProject
Project("{9A19103F-16F7-4668-BE54-9A1E7A4F7556}") = "FitnessSuperiorMvc.DA", "FitnessSuperiorMvc.DA\FitnessSuperiorMvc.DA.csproj", "{4556519D-0451-43A0-A474-50CA28C8B357}"
EndProject
Project("{9A19103F-16F7-4668-BE54-9A1E7A4F7556}") = "FitnessSuperiorMvc.WEB", "FitnessSuperiorMvc.WEB\FitnessSuperiorMvc.WEB.csproj", "{471437D8-CFA3-4780-B5A6-A72290ED5FB2}"
EndProject
Project("{FAE04EC0-301F-11D3-BF4B-00C04F79EFBC}") = "FitnessSuperiorMvc.Services", "FitnessSuperiorMvc.Services\FitnessSuperiorMvc.Services.csproj", "{8AB387D8-E60E-49C8-A076-D1AC2DE4B570}"
EndProject
Global
	GlobalSection(SolutionConfigurationPlatforms) = preSolution
		Debug|Any CPU = Debug|Any CPU
		Release|Any CPU = Release|Any CPU
	EndGlobalSection
	GlobalSection(ProjectConfigurationPlatforms) = postSolution
		{7398CBFA-D19D-46D4-AD20-367A00123B94}.Debug|Any CPU.ActiveCfg = Debug|Any CPU
		{7398CBFA-D19D-46D4-AD20-367A00123B94}.Debug|Any CPU.Build.0 = Debug|Any CPU
		{7398CBFA-D19D-46D4-AD20-367A00123B94}.Release|Any CPU.ActiveCfg = Release|Any CPU
		{7398CBFA-D19D-46D4-AD20-367A00123B94}.Release|Any CPU.Build.0 = Release|Any CPU
		{4556519D-0451-43A0-A474-50CA28C8B357}.Debug|Any CPU.ActiveCfg = Debug|Any CPU
		{4556519D-0451-43A0-A474-50CA28C8B357}.Debug|Any CPU.Build.0 = Debug|Any CPU
		{4556519D-0451-43A0-A474-50CA28C8B357}.Release|Any CPU.ActiveCfg = Release|Any CPU
		{4556519D-0451-43A0-A474-50CA28C8B357}.Release|Any CPU.Build.0 = Release|Any CPU
		{471437D8-CFA3-4780-B5A6-A72290ED5FB2}.Debug|Any CPU.ActiveCfg = Debug|Any CPU
		{471437D8-CFA3-4780-B5A6-A72290ED5FB2}.Debug|Any CPU.Build.0 = Debug|Any CPU
		{471437D8-CFA3-4780-B5A6-A72290ED5FB2}.Release|Any CPU.ActiveCfg = Release|Any CPU
		{471437D8-CFA3-4780-B5A6-A72290ED5FB2}.Release|Any CPU.Build.0 = Release|Any CPU
		{8AB387D8-E60E-49C8-A076-D1AC2DE4B570}.Debug|Any CPU.ActiveCfg = Debug|Any CPU
		{8AB387D8-E60E-49C8-A076-D1AC2DE4B570}.Debug|Any CPU.Build.0 = Debug|Any CPU
		{8AB387D8-E60E-49C8-A076-D1AC2DE4B570}.Release|Any CPU.ActiveCfg = Release|Any CPU
		{8AB387D8-E60E-49C8-A076-D1AC2DE4B570}.Release|Any CPU.Build.0 = Release|Any CPU
	EndGlobalSection
	GlobalSection(SolutionProperties) = preSolution
		HideSolutionNode = FALSE
	EndGlobalSection
	GlobalSection(NestedProjects) = preSolution
		{7398CBFA-D19D-46D4-AD20-367A00123B94} = {090A1A83-ABA0-41A7-95FF-07BBEB16735A}
		{4556519D-0451-43A0-A474-50CA28C8B357} = {E596DFDD-13CD-4064-9CCD-083D1DA9E6BE}
		{471437D8-CFA3-4780-B5A6-A72290ED5FB2} = {B63C8D1C-9E15-422C-9518-32538FCB21DA}
		{8AB387D8-E60E-49C8-A076-D1AC2DE4B570} = {090A1A83-ABA0-41A7-95FF-07BBEB16735A}
	EndGlobalSection
	GlobalSection(ExtensibilityGlobals) = postSolution
		SolutionGuid = {7A8AB401-79A2-49D3-943D-6B15C9D0A835}
	EndGlobalSection
EndGlobal
