
Microsoft Visual Studio Solution File, Format Version 12.00
# Visual Studio Version 16
VisualStudioVersion = 16.0.31313.79
MinimumVisualStudioVersion = 10.0.40219.1
Project("{9A19103F-16F7-4668-BE54-9A1E7A4F7556}") = "FitnessSuperiorMvc", "FitnessSuperiorMvc\FitnessSuperiorMvc.csproj", "{2C11192B-BC9E-4A56-A9C7-69EA6A35C64D}"
EndProject
Project("{9A19103F-16F7-4668-BE54-9A1E7A4F7556}") = "DataAccess.EF", "DataAccess.EF\DataAccess.EF.csproj", "{AD528453-3BA9-4280-A363-EC707E3D0060}"
EndProject
Project("{9A19103F-16F7-4668-BE54-9A1E7A4F7556}") = "Models", "Models\Models.csproj", "{48A990F0-CC8A-4E19-A882-4DDB026969B1}"
EndProject
Project("{FAE04EC0-301F-11D3-BF4B-00C04F79EFBC}") = "Services", "Services\Services.csproj", "{CA03E694-E439-44B1-9F3A-E2A5F74CAC1A}"
EndProject
Global
	GlobalSection(SolutionConfigurationPlatforms) = preSolution
		Debug|Any CPU = Debug|Any CPU
		Release|Any CPU = Release|Any CPU
	EndGlobalSection
	GlobalSection(ProjectConfigurationPlatforms) = postSolution
		{2C11192B-BC9E-4A56-A9C7-69EA6A35C64D}.Debug|Any CPU.ActiveCfg = Debug|Any CPU
		{2C11192B-BC9E-4A56-A9C7-69EA6A35C64D}.Debug|Any CPU.Build.0 = Debug|Any CPU
		{2C11192B-BC9E-4A56-A9C7-69EA6A35C64D}.Release|Any CPU.ActiveCfg = Release|Any CPU
		{2C11192B-BC9E-4A56-A9C7-69EA6A35C64D}.Release|Any CPU.Build.0 = Release|Any CPU
		{AD528453-3BA9-4280-A363-EC707E3D0060}.Debug|Any CPU.ActiveCfg = Debug|Any CPU
		{AD528453-3BA9-4280-A363-EC707E3D0060}.Debug|Any CPU.Build.0 = Debug|Any CPU
		{AD528453-3BA9-4280-A363-EC707E3D0060}.Release|Any CPU.ActiveCfg = Release|Any CPU
		{AD528453-3BA9-4280-A363-EC707E3D0060}.Release|Any CPU.Build.0 = Release|Any CPU
		{48A990F0-CC8A-4E19-A882-4DDB026969B1}.Debug|Any CPU.ActiveCfg = Debug|Any CPU
		{48A990F0-CC8A-4E19-A882-4DDB026969B1}.Debug|Any CPU.Build.0 = Debug|Any CPU
		{48A990F0-CC8A-4E19-A882-4DDB026969B1}.Release|Any CPU.ActiveCfg = Release|Any CPU
		{48A990F0-CC8A-4E19-A882-4DDB026969B1}.Release|Any CPU.Build.0 = Release|Any CPU
		{CA03E694-E439-44B1-9F3A-E2A5F74CAC1A}.Debug|Any CPU.ActiveCfg = Debug|Any CPU
		{CA03E694-E439-44B1-9F3A-E2A5F74CAC1A}.Debug|Any CPU.Build.0 = Debug|Any CPU
		{CA03E694-E439-44B1-9F3A-E2A5F74CAC1A}.Release|Any CPU.ActiveCfg = Release|Any CPU
		{CA03E694-E439-44B1-9F3A-E2A5F74CAC1A}.Release|Any CPU.Build.0 = Release|Any CPU
	EndGlobalSection
	GlobalSection(SolutionProperties) = preSolution
		HideSolutionNode = FALSE
	EndGlobalSection
	GlobalSection(ExtensibilityGlobals) = postSolution
		SolutionGuid = {FE1A3B2A-A0BC-4FED-AAAC-B5F3FAB76DC9}
	EndGlobalSection
EndGlobal
