
Microsoft Visual Studio Solution File, Format Version 12.00
# Visual Studio Version 16
VisualStudioVersion = 16.0.31313.79
MinimumVisualStudioVersion = 10.0.40219.1
Project("{9A19103F-16F7-4668-BE54-9A1E7A4F7556}") = "Models", "Models\Models.csproj", "{B6ECCB1D-6D32-45A2-AC66-757B94BF1212}"
EndProject
Project("{FAE04EC0-301F-11D3-BF4B-00C04F79EFBC}") = "TestProject", "TestProject\TestProject.csproj", "{4D146415-6509-435E-AB2B-50F3B95F0ADC}"
EndProject
Global
	GlobalSection(SolutionConfigurationPlatforms) = preSolution
		Debug|Any CPU = Debug|Any CPU
		Release|Any CPU = Release|Any CPU
	EndGlobalSection
	GlobalSection(ProjectConfigurationPlatforms) = postSolution
		{B6ECCB1D-6D32-45A2-AC66-757B94BF1212}.Debug|Any CPU.ActiveCfg = Debug|Any CPU
		{B6ECCB1D-6D32-45A2-AC66-757B94BF1212}.Debug|Any CPU.Build.0 = Debug|Any CPU
		{B6ECCB1D-6D32-45A2-AC66-757B94BF1212}.Release|Any CPU.ActiveCfg = Release|Any CPU
		{B6ECCB1D-6D32-45A2-AC66-757B94BF1212}.Release|Any CPU.Build.0 = Release|Any CPU
		{4D146415-6509-435E-AB2B-50F3B95F0ADC}.Debug|Any CPU.ActiveCfg = Debug|Any CPU
		{4D146415-6509-435E-AB2B-50F3B95F0ADC}.Debug|Any CPU.Build.0 = Debug|Any CPU
		{4D146415-6509-435E-AB2B-50F3B95F0ADC}.Release|Any CPU.ActiveCfg = Release|Any CPU
		{4D146415-6509-435E-AB2B-50F3B95F0ADC}.Release|Any CPU.Build.0 = Release|Any CPU
	EndGlobalSection
	GlobalSection(SolutionProperties) = preSolution
		HideSolutionNode = FALSE
	EndGlobalSection
	GlobalSection(ExtensibilityGlobals) = postSolution
		SolutionGuid = {5CD4CE7F-40F6-4519-A280-88A8B308DB2B}
	EndGlobalSection
EndGlobal
