
Microsoft Visual Studio Solution File, Format Version 12.00
# Visual Studio Version 16
VisualStudioVersion = 16.0.31205.134
MinimumVisualStudioVersion = 10.0.40219.1
Project("{FAE04EC0-301F-11D3-BF4B-00C04F79EFBC}") = "Models", "Models\Models.csproj", "{5909C161-187E-4EA8-99FA-C40EA9CF444A}"
EndProject
Global
	GlobalSection(SolutionConfigurationPlatforms) = preSolution
		Debug|Any CPU = Debug|Any CPU
		Release|Any CPU = Release|Any CPU
	EndGlobalSection
	GlobalSection(ProjectConfigurationPlatforms) = postSolution
		{5909C161-187E-4EA8-99FA-C40EA9CF444A}.Debug|Any CPU.ActiveCfg = Debug|Any CPU
		{5909C161-187E-4EA8-99FA-C40EA9CF444A}.Debug|Any CPU.Build.0 = Debug|Any CPU
		{5909C161-187E-4EA8-99FA-C40EA9CF444A}.Release|Any CPU.ActiveCfg = Release|Any CPU
		{5909C161-187E-4EA8-99FA-C40EA9CF444A}.Release|Any CPU.Build.0 = Release|Any CPU
	EndGlobalSection
	GlobalSection(SolutionProperties) = preSolution
		HideSolutionNode = FALSE
	EndGlobalSection
	GlobalSection(ExtensibilityGlobals) = postSolution
		SolutionGuid = {2DBCCE89-11CE-40B7-AF34-841531AE773F}
	EndGlobalSection
EndGlobal
